# generated by rye
# use `rye lock` or `rye sync` to update this lockfile
#
# last locked with the following flags:
#   pre: false
#   features: []
#   all-features: false
#   with-sources: false
#   generate-hashes: false

-e file:.
awscli==1.33.13
    # via aws-cli-plugin
botocore==1.34.131
    # via awscli
    # via s3transfer
colorama==0.4.6
    # via awscli
docutils==0.16
    # via awscli
jmespath==1.0.1
    # via botocore
pyasn1==0.6.0
    # via rsa
python-dateutil==2.9.0.post0
    # via botocore
pyyaml==6.0.1
    # via awscli
rsa==4.7.2
    # via awscli
ruff==0.4.10
s3transfer==0.10.1
    # via awscli
six==1.16.0
    # via python-dateutil
urllib3==2.2.2
    # via botocore
